
Microsoft Visual Studio Solution File, Format Version 12.00
# Visual Studio Version 16
VisualStudioVersion = 16.0.29613.14
MinimumVisualStudioVersion = 10.0.40219.1
Project("{FAE04EC0-301F-11D3-BF4B-00C04F79EFBC}") = "ExceptionHandlingCalculator", "ExceptionHandlingCalculator\ExceptionHandlingCalculator.csproj", "{C0951FA5-396C-4B44-BE04-5B549DDACB84}"
EndProject
Global
	GlobalSection(SolutionConfigurationPlatforms) = preSolution
		Debug|Any CPU = Debug|Any CPU
		Release|Any CPU = Release|Any CPU
	EndGlobalSection
	GlobalSection(ProjectConfigurationPlatforms) = postSolution
		{C0951FA5-396C-4B44-BE04-5B549DDACB84}.Debug|Any CPU.ActiveCfg = Debug|Any CPU
		{C0951FA5-396C-4B44-BE04-5B549DDACB84}.Debug|Any CPU.Build.0 = Debug|Any CPU
		{C0951FA5-396C-4B44-BE04-5B549DDACB84}.Release|Any CPU.ActiveCfg = Release|Any CPU
		{C0951FA5-396C-4B44-BE04-5B549DDACB84}.Release|Any CPU.Build.0 = Release|Any CPU
	EndGlobalSection
	GlobalSection(SolutionProperties) = preSolution
		HideSolutionNode = FALSE
	EndGlobalSection
	GlobalSection(ExtensibilityGlobals) = postSolution
		SolutionGuid = {6A086F19-30DB-48BA-A648-AC19C0CEC6BD}
	EndGlobalSection
EndGlobal
