
Microsoft Visual Studio Solution File, Format Version 12.00
# Visual Studio Version 16
VisualStudioVersion = 16.0.29613.14
MinimumVisualStudioVersion = 10.0.40219.1
Project("{9A19103F-16F7-4668-BE54-9A1E7A4F7556}") = "ExceptionHandlingCalculator", "ExceptionHandlingCalculator\ExceptionHandlingCalculator.csproj", "{C0951FA5-396C-4B44-BE04-5B549DDACB84}"
EndProject
Project("{FAE04EC0-301F-11D3-BF4B-00C04F79EFBC}") = "ExceptionHandlerCalculator.Test", "ExceptionHandlerCalculator.Test\ExceptionHandlerCalculator.Test.csproj", "{109ABDC8-BDEC-4447-8E7D-962487C84CFE}"
EndProject
Project("{FAE04EC0-301F-11D3-BF4B-00C04F79EFBC}") = "ExceptionHandlingCalculatorXUnit.Test", "ExceptionHandlingCalculatorXUnit.Test\ExceptionHandlingCalculatorXUnit.Test.csproj", "{72EEDE01-9E73-45C9-9C6A-707F2AF4FEAA}"
EndProject
Global
	GlobalSection(SolutionConfigurationPlatforms) = preSolution
		Debug|Any CPU = Debug|Any CPU
		Release|Any CPU = Release|Any CPU
	EndGlobalSection
	GlobalSection(ProjectConfigurationPlatforms) = postSolution
		{C0951FA5-396C-4B44-BE04-5B549DDACB84}.Debug|Any CPU.ActiveCfg = Debug|Any CPU
		{C0951FA5-396C-4B44-BE04-5B549DDACB84}.Debug|Any CPU.Build.0 = Debug|Any CPU
		{C0951FA5-396C-4B44-BE04-5B549DDACB84}.Release|Any CPU.ActiveCfg = Release|Any CPU
		{C0951FA5-396C-4B44-BE04-5B549DDACB84}.Release|Any CPU.Build.0 = Release|Any CPU
		{109ABDC8-BDEC-4447-8E7D-962487C84CFE}.Debug|Any CPU.ActiveCfg = Debug|Any CPU
		{109ABDC8-BDEC-4447-8E7D-962487C84CFE}.Debug|Any CPU.Build.0 = Debug|Any CPU
		{109ABDC8-BDEC-4447-8E7D-962487C84CFE}.Release|Any CPU.ActiveCfg = Release|Any CPU
		{109ABDC8-BDEC-4447-8E7D-962487C84CFE}.Release|Any CPU.Build.0 = Release|Any CPU
		{72EEDE01-9E73-45C9-9C6A-707F2AF4FEAA}.Debug|Any CPU.ActiveCfg = Debug|Any CPU
		{72EEDE01-9E73-45C9-9C6A-707F2AF4FEAA}.Debug|Any CPU.Build.0 = Debug|Any CPU
		{72EEDE01-9E73-45C9-9C6A-707F2AF4FEAA}.Release|Any CPU.ActiveCfg = Release|Any CPU
		{72EEDE01-9E73-45C9-9C6A-707F2AF4FEAA}.Release|Any CPU.Build.0 = Release|Any CPU
	EndGlobalSection
	GlobalSection(SolutionProperties) = preSolution
		HideSolutionNode = FALSE
	EndGlobalSection
	GlobalSection(ExtensibilityGlobals) = postSolution
		SolutionGuid = {6A086F19-30DB-48BA-A648-AC19C0CEC6BD}
	EndGlobalSection
EndGlobal
